github.com/docopt/docopt-go v0.0.0-20180111231733-ee0de3bc6815 h1:bWDMxwH3px2JBh6AyO7hdCn/PkvCZXii8TGj7sbtEbQ=
github.com/docopt/docopt-go v0.0.0-20180111231733-ee0de3bc6815/go.mod h1:WwZ+bS3ebgob9U8Nd0kOddGdZWjyMGR8Wziv+TBNwSE=
github.com/nxadm/ldifdiff v0.2.0 h1:K7xo44q7gWLvelx51hJSbpEI7x9Gyu9UEtxdEp0n0sw=
github.com/nxadm/ldifdiff v0.2.0/go.mod h1:rs77d+RWV+hTE3X4qrdBAzxGenWGjZGGhb4iY7DGmCk=
