# This file is autogenerated, do not edit; changes may be undone by the next 'dep ensure'.


[[projects]]
  name = "github.com/docopt/docopt-go"
  packages = ["."]
  revision = "784ddc588536785e7299f7272f39101f7faccc3f"
  version = "0.6.2"

[solve-meta]
  analyzer-name = "dep"
  analyzer-version = 1
  inputs-digest = "59bc7b426b14019de2d7a887c2bff5fe6740b3e686da26ed0c6f2ac00f6855c6"
  solver-name = "gps-cdcl"
  solver-version = 1
